
Microsoft Visual Studio Solution File, Format Version 12.00
# Visual Studio 15
VisualStudioVersion = 15.0.26430.12
MinimumVisualStudioVersion = 10.0.40219.1
Project("{FAE04EC0-301F-11D3-BF4B-00C04F79EFBC}") = "LineEntry.FormsPlugin", "LineEntry.FormsPlugin\LineEntry.FormsPlugin.csproj", "{67F9D3A8-F71E-4428-913F-C37AE82CDB24}"
EndProject
Project("{FAE04EC0-301F-11D3-BF4B-00C04F79EFBC}") = "LineEntry.FormsPlugin.Droid", "LineEntry.FormsPlugin.Droid\LineEntry.FormsPlugin.Droid.csproj", "{98C6470D-D3C9-4CDD-9FD4-1BEED7B1E778}"
EndProject
Project("{FAE04EC0-301F-11D3-BF4B-00C04F79EFBC}") = "LineEntry.FormsPlugin.iOS", "LineEntry.FormsPlugin.iOS\LineEntry.FormsPlugin.iOS.csproj", "{9E8E8296-55B2-45E4-8553-623A36F13FA9}"
EndProject
Project("{FAE04EC0-301F-11D3-BF4B-00C04F79EFBC}") = "Demo.Android", "Demo\Demo.Android\Demo.Android.csproj", "{336749F9-58C2-4AAF-B5FD-EBD17F47FCAD}"
EndProject
Project("{FAE04EC0-301F-11D3-BF4B-00C04F79EFBC}") = "Demo", "Demo\Demo\Demo.csproj", "{14E147C8-CF65-498D-8F36-6492E3D6C079}"
EndProject
Project("{FAE04EC0-301F-11D3-BF4B-00C04F79EFBC}") = "Demo.iOS", "Demo\Demo.iOS\Demo.iOS.csproj", "{20702A30-8ECE-4A1A-9844-C11B0054E705}"
EndProject
Global
	GlobalSection(SolutionConfigurationPlatforms) = preSolution
		Ad-Hoc|Any CPU = Ad-Hoc|Any CPU
		Ad-Hoc|ARM = Ad-Hoc|ARM
		Ad-Hoc|iPhone = Ad-Hoc|iPhone
		Ad-Hoc|iPhoneSimulator = Ad-Hoc|iPhoneSimulator
		Ad-Hoc|x64 = Ad-Hoc|x64
		Ad-Hoc|x86 = Ad-Hoc|x86
		AppStore|Any CPU = AppStore|Any CPU
		AppStore|ARM = AppStore|ARM
		AppStore|iPhone = AppStore|iPhone
		AppStore|iPhoneSimulator = AppStore|iPhoneSimulator
		AppStore|x64 = AppStore|x64
		AppStore|x86 = AppStore|x86
		Debug|Any CPU = Debug|Any CPU
		Debug|ARM = Debug|ARM
		Debug|iPhone = Debug|iPhone
		Debug|iPhoneSimulator = Debug|iPhoneSimulator
		Debug|x64 = Debug|x64
		Debug|x86 = Debug|x86
		Release|Any CPU = Release|Any CPU
		Release|ARM = Release|ARM
		Release|iPhone = Release|iPhone
		Release|iPhoneSimulator = Release|iPhoneSimulator
		Release|x64 = Release|x64
		Release|x86 = Release|x86
	EndGlobalSection
	GlobalSection(ProjectConfigurationPlatforms) = postSolution
		{67F9D3A8-F71E-4428-913F-C37AE82CDB24}.Ad-Hoc|Any CPU.ActiveCfg = Release|Any CPU
		{67F9D3A8-F71E-4428-913F-C37AE82CDB24}.Ad-Hoc|Any CPU.Build.0 = Release|Any CPU
		{67F9D3A8-F71E-4428-913F-C37AE82CDB24}.Ad-Hoc|ARM.ActiveCfg = Release|Any CPU
		{67F9D3A8-F71E-4428-913F-C37AE82CDB24}.Ad-Hoc|ARM.Build.0 = Release|Any CPU
		{67F9D3A8-F71E-4428-913F-C37AE82CDB24}.Ad-Hoc|iPhone.ActiveCfg = Release|Any CPU
		{67F9D3A8-F71E-4428-913F-C37AE82CDB24}.Ad-Hoc|iPhone.Build.0 = Release|Any CPU
		{67F9D3A8-F71E-4428-913F-C37AE82CDB24}.Ad-Hoc|iPhoneSimulator.ActiveCfg = Release|Any CPU
		{67F9D3A8-F71E-4428-913F-C37AE82CDB24}.Ad-Hoc|iPhoneSimulator.Build.0 = Release|Any CPU
		{67F9D3A8-F71E-4428-913F-C37AE82CDB24}.Ad-Hoc|x64.ActiveCfg = Release|Any CPU
		{67F9D3A8-F71E-4428-913F-C37AE82CDB24}.Ad-Hoc|x64.Build.0 = Release|Any CPU
		{67F9D3A8-F71E-4428-913F-C37AE82CDB24}.Ad-Hoc|x86.ActiveCfg = Release|Any CPU
		{67F9D3A8-F71E-4428-913F-C37AE82CDB24}.Ad-Hoc|x86.Build.0 = Release|Any CPU
		{67F9D3A8-F71E-4428-913F-C37AE82CDB24}.AppStore|Any CPU.ActiveCfg = Release|Any CPU
		{67F9D3A8-F71E-4428-913F-C37AE82CDB24}.AppStore|Any CPU.Build.0 = Release|Any CPU
		{67F9D3A8-F71E-4428-913F-C37AE82CDB24}.AppStore|ARM.ActiveCfg = Release|Any CPU
		{67F9D3A8-F71E-4428-913F-C37AE82CDB24}.AppStore|ARM.Build.0 = Release|Any CPU
		{67F9D3A8-F71E-4428-913F-C37AE82CDB24}.AppStore|iPhone.ActiveCfg = Release|Any CPU
		{67F9D3A8-F71E-4428-913F-C37AE82CDB24}.AppStore|iPhone.Build.0 = Release|Any CPU
		{67F9D3A8-F71E-4428-913F-C37AE82CDB24}.AppStore|iPhoneSimulator.ActiveCfg = Release|Any CPU
		{67F9D3A8-F71E-4428-913F-C37AE82CDB24}.AppStore|iPhoneSimulator.Build.0 = Release|Any CPU
		{67F9D3A8-F71E-4428-913F-C37AE82CDB24}.AppStore|x64.ActiveCfg = Release|Any CPU
		{67F9D3A8-F71E-4428-913F-C37AE82CDB24}.AppStore|x64.Build.0 = Release|Any CPU
		{67F9D3A8-F71E-4428-913F-C37AE82CDB24}.AppStore|x86.ActiveCfg = Release|Any CPU
		{67F9D3A8-F71E-4428-913F-C37AE82CDB24}.AppStore|x86.Build.0 = Release|Any CPU
		{67F9D3A8-F71E-4428-913F-C37AE82CDB24}.Debug|Any CPU.ActiveCfg = Debug|Any CPU
		{67F9D3A8-F71E-4428-913F-C37AE82CDB24}.Debug|Any CPU.Build.0 = Debug|Any CPU
		{67F9D3A8-F71E-4428-913F-C37AE82CDB24}.Debug|ARM.ActiveCfg = Debug|Any CPU
		{67F9D3A8-F71E-4428-913F-C37AE82CDB24}.Debug|ARM.Build.0 = Debug|Any CPU
		{67F9D3A8-F71E-4428-913F-C37AE82CDB24}.Debug|iPhone.ActiveCfg = Debug|Any CPU
		{67F9D3A8-F71E-4428-913F-C37AE82CDB24}.Debug|iPhone.Build.0 = Debug|Any CPU
		{67F9D3A8-F71E-4428-913F-C37AE82CDB24}.Debug|iPhoneSimulator.ActiveCfg = Debug|Any CPU
		{67F9D3A8-F71E-4428-913F-C37AE82CDB24}.Debug|iPhoneSimulator.Build.0 = Debug|Any CPU
		{67F9D3A8-F71E-4428-913F-C37AE82CDB24}.Debug|x64.ActiveCfg = Debug|Any CPU
		{67F9D3A8-F71E-4428-913F-C37AE82CDB24}.Debug|x64.Build.0 = Debug|Any CPU
		{67F9D3A8-F71E-4428-913F-C37AE82CDB24}.Debug|x86.ActiveCfg = Debug|Any CPU
		{67F9D3A8-F71E-4428-913F-C37AE82CDB24}.Debug|x86.Build.0 = Debug|Any CPU
		{67F9D3A8-F71E-4428-913F-C37AE82CDB24}.Release|Any CPU.ActiveCfg = Release|Any CPU
		{67F9D3A8-F71E-4428-913F-C37AE82CDB24}.Release|Any CPU.Build.0 = Release|Any CPU
		{67F9D3A8-F71E-4428-913F-C37AE82CDB24}.Release|ARM.ActiveCfg = Release|Any CPU
		{67F9D3A8-F71E-4428-913F-C37AE82CDB24}.Release|ARM.Build.0 = Release|Any CPU
		{67F9D3A8-F71E-4428-913F-C37AE82CDB24}.Release|iPhone.ActiveCfg = Release|Any CPU
		{67F9D3A8-F71E-4428-913F-C37AE82CDB24}.Release|iPhone.Build.0 = Release|Any CPU
		{67F9D3A8-F71E-4428-913F-C37AE82CDB24}.Release|iPhoneSimulator.ActiveCfg = Release|Any CPU
		{67F9D3A8-F71E-4428-913F-C37AE82CDB24}.Release|iPhoneSimulator.Build.0 = Release|Any CPU
		{67F9D3A8-F71E-4428-913F-C37AE82CDB24}.Release|x64.ActiveCfg = Release|Any CPU
		{67F9D3A8-F71E-4428-913F-C37AE82CDB24}.Release|x64.Build.0 = Release|Any CPU
		{67F9D3A8-F71E-4428-913F-C37AE82CDB24}.Release|x86.ActiveCfg = Release|Any CPU
		{67F9D3A8-F71E-4428-913F-C37AE82CDB24}.Release|x86.Build.0 = Release|Any CPU
		{98C6470D-D3C9-4CDD-9FD4-1BEED7B1E778}.Ad-Hoc|Any CPU.ActiveCfg = Release|Any CPU
		{98C6470D-D3C9-4CDD-9FD4-1BEED7B1E778}.Ad-Hoc|Any CPU.Build.0 = Release|Any CPU
		{98C6470D-D3C9-4CDD-9FD4-1BEED7B1E778}.Ad-Hoc|ARM.ActiveCfg = Release|Any CPU
		{98C6470D-D3C9-4CDD-9FD4-1BEED7B1E778}.Ad-Hoc|ARM.Build.0 = Release|Any CPU
		{98C6470D-D3C9-4CDD-9FD4-1BEED7B1E778}.Ad-Hoc|iPhone.ActiveCfg = Release|Any CPU
		{98C6470D-D3C9-4CDD-9FD4-1BEED7B1E778}.Ad-Hoc|iPhone.Build.0 = Release|Any CPU
		{98C6470D-D3C9-4CDD-9FD4-1BEED7B1E778}.Ad-Hoc|iPhoneSimulator.ActiveCfg = Release|Any CPU
		{98C6470D-D3C9-4CDD-9FD4-1BEED7B1E778}.Ad-Hoc|iPhoneSimulator.Build.0 = Release|Any CPU
		{98C6470D-D3C9-4CDD-9FD4-1BEED7B1E778}.Ad-Hoc|x64.ActiveCfg = Release|Any CPU
		{98C6470D-D3C9-4CDD-9FD4-1BEED7B1E778}.Ad-Hoc|x64.Build.0 = Release|Any CPU
		{98C6470D-D3C9-4CDD-9FD4-1BEED7B1E778}.Ad-Hoc|x86.ActiveCfg = Release|Any CPU
		{98C6470D-D3C9-4CDD-9FD4-1BEED7B1E778}.Ad-Hoc|x86.Build.0 = Release|Any CPU
		{98C6470D-D3C9-4CDD-9FD4-1BEED7B1E778}.AppStore|Any CPU.ActiveCfg = Release|Any CPU
		{98C6470D-D3C9-4CDD-9FD4-1BEED7B1E778}.AppStore|Any CPU.Build.0 = Release|Any CPU
		{98C6470D-D3C9-4CDD-9FD4-1BEED7B1E778}.AppStore|ARM.ActiveCfg = Release|Any CPU
		{98C6470D-D3C9-4CDD-9FD4-1BEED7B1E778}.AppStore|ARM.Build.0 = Release|Any CPU
		{98C6470D-D3C9-4CDD-9FD4-1BEED7B1E778}.AppStore|iPhone.ActiveCfg = Release|Any CPU
		{98C6470D-D3C9-4CDD-9FD4-1BEED7B1E778}.AppStore|iPhone.Build.0 = Release|Any CPU
		{98C6470D-D3C9-4CDD-9FD4-1BEED7B1E778}.AppStore|iPhoneSimulator.ActiveCfg = Release|Any CPU
		{98C6470D-D3C9-4CDD-9FD4-1BEED7B1E778}.AppStore|iPhoneSimulator.Build.0 = Release|Any CPU
		{98C6470D-D3C9-4CDD-9FD4-1BEED7B1E778}.AppStore|x64.ActiveCfg = Release|Any CPU
		{98C6470D-D3C9-4CDD-9FD4-1BEED7B1E778}.AppStore|x64.Build.0 = Release|Any CPU
		{98C6470D-D3C9-4CDD-9FD4-1BEED7B1E778}.AppStore|x86.ActiveCfg = Release|Any CPU
		{98C6470D-D3C9-4CDD-9FD4-1BEED7B1E778}.AppStore|x86.Build.0 = Release|Any CPU
		{98C6470D-D3C9-4CDD-9FD4-1BEED7B1E778}.Debug|Any CPU.ActiveCfg = Debug|Any CPU
		{98C6470D-D3C9-4CDD-9FD4-1BEED7B1E778}.Debug|Any CPU.Build.0 = Debug|Any CPU
		{98C6470D-D3C9-4CDD-9FD4-1BEED7B1E778}.Debug|ARM.ActiveCfg = Debug|Any CPU
		{98C6470D-D3C9-4CDD-9FD4-1BEED7B1E778}.Debug|ARM.Build.0 = Debug|Any CPU
		{98C6470D-D3C9-4CDD-9FD4-1BEED7B1E778}.Debug|iPhone.ActiveCfg = Debug|Any CPU
		{98C6470D-D3C9-4CDD-9FD4-1BEED7B1E778}.Debug|iPhone.Build.0 = Debug|Any CPU
		{98C6470D-D3C9-4CDD-9FD4-1BEED7B1E778}.Debug|iPhoneSimulator.ActiveCfg = Debug|Any CPU
		{98C6470D-D3C9-4CDD-9FD4-1BEED7B1E778}.Debug|iPhoneSimulator.Build.0 = Debug|Any CPU
		{98C6470D-D3C9-4CDD-9FD4-1BEED7B1E778}.Debug|x64.ActiveCfg = Debug|Any CPU
		{98C6470D-D3C9-4CDD-9FD4-1BEED7B1E778}.Debug|x64.Build.0 = Debug|Any CPU
		{98C6470D-D3C9-4CDD-9FD4-1BEED7B1E778}.Debug|x86.ActiveCfg = Debug|Any CPU
		{98C6470D-D3C9-4CDD-9FD4-1BEED7B1E778}.Debug|x86.Build.0 = Debug|Any CPU
		{98C6470D-D3C9-4CDD-9FD4-1BEED7B1E778}.Release|Any CPU.ActiveCfg = Release|Any CPU
		{98C6470D-D3C9-4CDD-9FD4-1BEED7B1E778}.Release|Any CPU.Build.0 = Release|Any CPU
		{98C6470D-D3C9-4CDD-9FD4-1BEED7B1E778}.Release|ARM.ActiveCfg = Release|Any CPU
		{98C6470D-D3C9-4CDD-9FD4-1BEED7B1E778}.Release|ARM.Build.0 = Release|Any CPU
		{98C6470D-D3C9-4CDD-9FD4-1BEED7B1E778}.Release|iPhone.ActiveCfg = Release|Any CPU
		{98C6470D-D3C9-4CDD-9FD4-1BEED7B1E778}.Release|iPhone.Build.0 = Release|Any CPU
		{98C6470D-D3C9-4CDD-9FD4-1BEED7B1E778}.Release|iPhoneSimulator.ActiveCfg = Release|Any CPU
		{98C6470D-D3C9-4CDD-9FD4-1BEED7B1E778}.Release|iPhoneSimulator.Build.0 = Release|Any CPU
		{98C6470D-D3C9-4CDD-9FD4-1BEED7B1E778}.Release|x64.ActiveCfg = Release|Any CPU
		{98C6470D-D3C9-4CDD-9FD4-1BEED7B1E778}.Release|x64.Build.0 = Release|Any CPU
		{98C6470D-D3C9-4CDD-9FD4-1BEED7B1E778}.Release|x86.ActiveCfg = Release|Any CPU
		{98C6470D-D3C9-4CDD-9FD4-1BEED7B1E778}.Release|x86.Build.0 = Release|Any CPU
		{9E8E8296-55B2-45E4-8553-623A36F13FA9}.Ad-Hoc|Any CPU.ActiveCfg = Release|Any CPU
		{9E8E8296-55B2-45E4-8553-623A36F13FA9}.Ad-Hoc|Any CPU.Build.0 = Release|Any CPU
		{9E8E8296-55B2-45E4-8553-623A36F13FA9}.Ad-Hoc|ARM.ActiveCfg = Release|Any CPU
		{9E8E8296-55B2-45E4-8553-623A36F13FA9}.Ad-Hoc|ARM.Build.0 = Release|Any CPU
		{9E8E8296-55B2-45E4-8553-623A36F13FA9}.Ad-Hoc|iPhone.ActiveCfg = Release|Any CPU
		{9E8E8296-55B2-45E4-8553-623A36F13FA9}.Ad-Hoc|iPhone.Build.0 = Release|Any CPU
		{9E8E8296-55B2-45E4-8553-623A36F13FA9}.Ad-Hoc|iPhoneSimulator.ActiveCfg = Release|Any CPU
		{9E8E8296-55B2-45E4-8553-623A36F13FA9}.Ad-Hoc|iPhoneSimulator.Build.0 = Release|Any CPU
		{9E8E8296-55B2-45E4-8553-623A36F13FA9}.Ad-Hoc|x64.ActiveCfg = Release|Any CPU
		{9E8E8296-55B2-45E4-8553-623A36F13FA9}.Ad-Hoc|x64.Build.0 = Release|Any CPU
		{9E8E8296-55B2-45E4-8553-623A36F13FA9}.Ad-Hoc|x86.ActiveCfg = Release|Any CPU
		{9E8E8296-55B2-45E4-8553-623A36F13FA9}.Ad-Hoc|x86.Build.0 = Release|Any CPU
		{9E8E8296-55B2-45E4-8553-623A36F13FA9}.AppStore|Any CPU.ActiveCfg = Release|Any CPU
		{9E8E8296-55B2-45E4-8553-623A36F13FA9}.AppStore|Any CPU.Build.0 = Release|Any CPU
		{9E8E8296-55B2-45E4-8553-623A36F13FA9}.AppStore|ARM.ActiveCfg = Release|Any CPU
		{9E8E8296-55B2-45E4-8553-623A36F13FA9}.AppStore|ARM.Build.0 = Release|Any CPU
		{9E8E8296-55B2-45E4-8553-623A36F13FA9}.AppStore|iPhone.ActiveCfg = Release|Any CPU
		{9E8E8296-55B2-45E4-8553-623A36F13FA9}.AppStore|iPhone.Build.0 = Release|Any CPU
		{9E8E8296-55B2-45E4-8553-623A36F13FA9}.AppStore|iPhoneSimulator.ActiveCfg = Release|Any CPU
		{9E8E8296-55B2-45E4-8553-623A36F13FA9}.AppStore|iPhoneSimulator.Build.0 = Release|Any CPU
		{9E8E8296-55B2-45E4-8553-623A36F13FA9}.AppStore|x64.ActiveCfg = Release|Any CPU
		{9E8E8296-55B2-45E4-8553-623A36F13FA9}.AppStore|x64.Build.0 = Release|Any CPU
		{9E8E8296-55B2-45E4-8553-623A36F13FA9}.AppStore|x86.ActiveCfg = Release|Any CPU
		{9E8E8296-55B2-45E4-8553-623A36F13FA9}.AppStore|x86.Build.0 = Release|Any CPU
		{9E8E8296-55B2-45E4-8553-623A36F13FA9}.Debug|Any CPU.ActiveCfg = Debug|Any CPU
		{9E8E8296-55B2-45E4-8553-623A36F13FA9}.Debug|Any CPU.Build.0 = Debug|Any CPU
		{9E8E8296-55B2-45E4-8553-623A36F13FA9}.Debug|ARM.ActiveCfg = Debug|Any CPU
		{9E8E8296-55B2-45E4-8553-623A36F13FA9}.Debug|ARM.Build.0 = Debug|Any CPU
		{9E8E8296-55B2-45E4-8553-623A36F13FA9}.Debug|iPhone.ActiveCfg = Debug|Any CPU
		{9E8E8296-55B2-45E4-8553-623A36F13FA9}.Debug|iPhone.Build.0 = Debug|Any CPU
		{9E8E8296-55B2-45E4-8553-623A36F13FA9}.Debug|iPhoneSimulator.ActiveCfg = Debug|Any CPU
		{9E8E8296-55B2-45E4-8553-623A36F13FA9}.Debug|iPhoneSimulator.Build.0 = Debug|Any CPU
		{9E8E8296-55B2-45E4-8553-623A36F13FA9}.Debug|x64.ActiveCfg = Debug|Any CPU
		{9E8E8296-55B2-45E4-8553-623A36F13FA9}.Debug|x64.Build.0 = Debug|Any CPU
		{9E8E8296-55B2-45E4-8553-623A36F13FA9}.Debug|x86.ActiveCfg = Debug|Any CPU
		{9E8E8296-55B2-45E4-8553-623A36F13FA9}.Debug|x86.Build.0 = Debug|Any CPU
		{9E8E8296-55B2-45E4-8553-623A36F13FA9}.Release|Any CPU.ActiveCfg = Release|Any CPU
		{9E8E8296-55B2-45E4-8553-623A36F13FA9}.Release|Any CPU.Build.0 = Release|Any CPU
		{9E8E8296-55B2-45E4-8553-623A36F13FA9}.Release|ARM.ActiveCfg = Release|Any CPU
		{9E8E8296-55B2-45E4-8553-623A36F13FA9}.Release|ARM.Build.0 = Release|Any CPU
		{9E8E8296-55B2-45E4-8553-623A36F13FA9}.Release|iPhone.ActiveCfg = Release|Any CPU
		{9E8E8296-55B2-45E4-8553-623A36F13FA9}.Release|iPhone.Build.0 = Release|Any CPU
		{9E8E8296-55B2-45E4-8553-623A36F13FA9}.Release|iPhoneSimulator.ActiveCfg = Release|Any CPU
		{9E8E8296-55B2-45E4-8553-623A36F13FA9}.Release|iPhoneSimulator.Build.0 = Release|Any CPU
		{9E8E8296-55B2-45E4-8553-623A36F13FA9}.Release|x64.ActiveCfg = Release|Any CPU
		{9E8E8296-55B2-45E4-8553-623A36F13FA9}.Release|x64.Build.0 = Release|Any CPU
		{9E8E8296-55B2-45E4-8553-623A36F13FA9}.Release|x86.ActiveCfg = Release|Any CPU
		{9E8E8296-55B2-45E4-8553-623A36F13FA9}.Release|x86.Build.0 = Release|Any CPU
		{336749F9-58C2-4AAF-B5FD-EBD17F47FCAD}.Ad-Hoc|Any CPU.ActiveCfg = Release|Any CPU
		{336749F9-58C2-4AAF-B5FD-EBD17F47FCAD}.Ad-Hoc|Any CPU.Build.0 = Release|Any CPU
		{336749F9-58C2-4AAF-B5FD-EBD17F47FCAD}.Ad-Hoc|Any CPU.Deploy.0 = Release|Any CPU
		{336749F9-58C2-4AAF-B5FD-EBD17F47FCAD}.Ad-Hoc|ARM.ActiveCfg = Release|Any CPU
		{336749F9-58C2-4AAF-B5FD-EBD17F47FCAD}.Ad-Hoc|ARM.Build.0 = Release|Any CPU
		{336749F9-58C2-4AAF-B5FD-EBD17F47FCAD}.Ad-Hoc|ARM.Deploy.0 = Release|Any CPU
		{336749F9-58C2-4AAF-B5FD-EBD17F47FCAD}.Ad-Hoc|iPhone.ActiveCfg = Release|Any CPU
		{336749F9-58C2-4AAF-B5FD-EBD17F47FCAD}.Ad-Hoc|iPhone.Build.0 = Release|Any CPU
		{336749F9-58C2-4AAF-B5FD-EBD17F47FCAD}.Ad-Hoc|iPhone.Deploy.0 = Release|Any CPU
		{336749F9-58C2-4AAF-B5FD-EBD17F47FCAD}.Ad-Hoc|iPhoneSimulator.ActiveCfg = Release|Any CPU
		{336749F9-58C2-4AAF-B5FD-EBD17F47FCAD}.Ad-Hoc|iPhoneSimulator.Build.0 = Release|Any CPU
		{336749F9-58C2-4AAF-B5FD-EBD17F47FCAD}.Ad-Hoc|iPhoneSimulator.Deploy.0 = Release|Any CPU
		{336749F9-58C2-4AAF-B5FD-EBD17F47FCAD}.Ad-Hoc|x64.ActiveCfg = Release|Any CPU
		{336749F9-58C2-4AAF-B5FD-EBD17F47FCAD}.Ad-Hoc|x64.Build.0 = Release|Any CPU
		{336749F9-58C2-4AAF-B5FD-EBD17F47FCAD}.Ad-Hoc|x64.Deploy.0 = Release|Any CPU
		{336749F9-58C2-4AAF-B5FD-EBD17F47FCAD}.Ad-Hoc|x86.ActiveCfg = Release|Any CPU
		{336749F9-58C2-4AAF-B5FD-EBD17F47FCAD}.Ad-Hoc|x86.Build.0 = Release|Any CPU
		{336749F9-58C2-4AAF-B5FD-EBD17F47FCAD}.Ad-Hoc|x86.Deploy.0 = Release|Any CPU
		{336749F9-58C2-4AAF-B5FD-EBD17F47FCAD}.AppStore|Any CPU.ActiveCfg = Release|Any CPU
		{336749F9-58C2-4AAF-B5FD-EBD17F47FCAD}.AppStore|Any CPU.Build.0 = Release|Any CPU
		{336749F9-58C2-4AAF-B5FD-EBD17F47FCAD}.AppStore|Any CPU.Deploy.0 = Release|Any CPU
		{336749F9-58C2-4AAF-B5FD-EBD17F47FCAD}.AppStore|ARM.ActiveCfg = Release|Any CPU
		{336749F9-58C2-4AAF-B5FD-EBD17F47FCAD}.AppStore|ARM.Build.0 = Release|Any CPU
		{336749F9-58C2-4AAF-B5FD-EBD17F47FCAD}.AppStore|ARM.Deploy.0 = Release|Any CPU
		{336749F9-58C2-4AAF-B5FD-EBD17F47FCAD}.AppStore|iPhone.ActiveCfg = Release|Any CPU
		{336749F9-58C2-4AAF-B5FD-EBD17F47FCAD}.AppStore|iPhone.Build.0 = Release|Any CPU
		{336749F9-58C2-4AAF-B5FD-EBD17F47FCAD}.AppStore|iPhone.Deploy.0 = Release|Any CPU
		{336749F9-58C2-4AAF-B5FD-EBD17F47FCAD}.AppStore|iPhoneSimulator.ActiveCfg = Release|Any CPU
		{336749F9-58C2-4AAF-B5FD-EBD17F47FCAD}.AppStore|iPhoneSimulator.Build.0 = Release|Any CPU
		{336749F9-58C2-4AAF-B5FD-EBD17F47FCAD}.AppStore|iPhoneSimulator.Deploy.0 = Release|Any CPU
		{336749F9-58C2-4AAF-B5FD-EBD17F47FCAD}.AppStore|x64.ActiveCfg = Release|Any CPU
		{336749F9-58C2-4AAF-B5FD-EBD17F47FCAD}.AppStore|x64.Build.0 = Release|Any CPU
		{336749F9-58C2-4AAF-B5FD-EBD17F47FCAD}.AppStore|x64.Deploy.0 = Release|Any CPU
		{336749F9-58C2-4AAF-B5FD-EBD17F47FCAD}.AppStore|x86.ActiveCfg = Release|Any CPU
		{336749F9-58C2-4AAF-B5FD-EBD17F47FCAD}.AppStore|x86.Build.0 = Release|Any CPU
		{336749F9-58C2-4AAF-B5FD-EBD17F47FCAD}.AppStore|x86.Deploy.0 = Release|Any CPU
		{336749F9-58C2-4AAF-B5FD-EBD17F47FCAD}.Debug|Any CPU.ActiveCfg = Debug|Any CPU
		{336749F9-58C2-4AAF-B5FD-EBD17F47FCAD}.Debug|Any CPU.Build.0 = Debug|Any CPU
		{336749F9-58C2-4AAF-B5FD-EBD17F47FCAD}.Debug|Any CPU.Deploy.0 = Debug|Any CPU
		{336749F9-58C2-4AAF-B5FD-EBD17F47FCAD}.Debug|ARM.ActiveCfg = Debug|Any CPU
		{336749F9-58C2-4AAF-B5FD-EBD17F47FCAD}.Debug|ARM.Build.0 = Debug|Any CPU
		{336749F9-58C2-4AAF-B5FD-EBD17F47FCAD}.Debug|ARM.Deploy.0 = Debug|Any CPU
		{336749F9-58C2-4AAF-B5FD-EBD17F47FCAD}.Debug|iPhone.ActiveCfg = Debug|Any CPU
		{336749F9-58C2-4AAF-B5FD-EBD17F47FCAD}.Debug|iPhone.Build.0 = Debug|Any CPU
		{336749F9-58C2-4AAF-B5FD-EBD17F47FCAD}.Debug|iPhone.Deploy.0 = Debug|Any CPU
		{336749F9-58C2-4AAF-B5FD-EBD17F47FCAD}.Debug|iPhoneSimulator.ActiveCfg = Debug|Any CPU
		{336749F9-58C2-4AAF-B5FD-EBD17F47FCAD}.Debug|iPhoneSimulator.Build.0 = Debug|Any CPU
		{336749F9-58C2-4AAF-B5FD-EBD17F47FCAD}.Debug|iPhoneSimulator.Deploy.0 = Debug|Any CPU
		{336749F9-58C2-4AAF-B5FD-EBD17F47FCAD}.Debug|x64.ActiveCfg = Debug|Any CPU
		{336749F9-58C2-4AAF-B5FD-EBD17F47FCAD}.Debug|x64.Build.0 = Debug|Any CPU
		{336749F9-58C2-4AAF-B5FD-EBD17F47FCAD}.Debug|x64.Deploy.0 = Debug|Any CPU
		{336749F9-58C2-4AAF-B5FD-EBD17F47FCAD}.Debug|x86.ActiveCfg = Debug|Any CPU
		{336749F9-58C2-4AAF-B5FD-EBD17F47FCAD}.Debug|x86.Build.0 = Debug|Any CPU
		{336749F9-58C2-4AAF-B5FD-EBD17F47FCAD}.Debug|x86.Deploy.0 = Debug|Any CPU
		{336749F9-58C2-4AAF-B5FD-EBD17F47FCAD}.Release|Any CPU.ActiveCfg = Release|Any CPU
		{336749F9-58C2-4AAF-B5FD-EBD17F47FCAD}.Release|Any CPU.Build.0 = Release|Any CPU
		{336749F9-58C2-4AAF-B5FD-EBD17F47FCAD}.Release|Any CPU.Deploy.0 = Release|Any CPU
		{336749F9-58C2-4AAF-B5FD-EBD17F47FCAD}.Release|ARM.ActiveCfg = Release|Any CPU
		{336749F9-58C2-4AAF-B5FD-EBD17F47FCAD}.Release|ARM.Build.0 = Release|Any CPU
		{336749F9-58C2-4AAF-B5FD-EBD17F47FCAD}.Release|ARM.Deploy.0 = Release|Any CPU
		{336749F9-58C2-4AAF-B5FD-EBD17F47FCAD}.Release|iPhone.ActiveCfg = Release|Any CPU
		{336749F9-58C2-4AAF-B5FD-EBD17F47FCAD}.Release|iPhone.Build.0 = Release|Any CPU
		{336749F9-58C2-4AAF-B5FD-EBD17F47FCAD}.Release|iPhone.Deploy.0 = Release|Any CPU
		{336749F9-58C2-4AAF-B5FD-EBD17F47FCAD}.Release|iPhoneSimulator.ActiveCfg = Release|Any CPU
		{336749F9-58C2-4AAF-B5FD-EBD17F47FCAD}.Release|iPhoneSimulator.Build.0 = Release|Any CPU
		{336749F9-58C2-4AAF-B5FD-EBD17F47FCAD}.Release|iPhoneSimulator.Deploy.0 = Release|Any CPU
		{336749F9-58C2-4AAF-B5FD-EBD17F47FCAD}.Release|x64.ActiveCfg = Release|Any CPU
		{336749F9-58C2-4AAF-B5FD-EBD17F47FCAD}.Release|x64.Build.0 = Release|Any CPU
		{336749F9-58C2-4AAF-B5FD-EBD17F47FCAD}.Release|x64.Deploy.0 = Release|Any CPU
		{336749F9-58C2-4AAF-B5FD-EBD17F47FCAD}.Release|x86.ActiveCfg = Release|Any CPU
		{336749F9-58C2-4AAF-B5FD-EBD17F47FCAD}.Release|x86.Build.0 = Release|Any CPU
		{336749F9-58C2-4AAF-B5FD-EBD17F47FCAD}.Release|x86.Deploy.0 = Release|Any CPU
		{14E147C8-CF65-498D-8F36-6492E3D6C079}.Ad-Hoc|Any CPU.ActiveCfg = Release|Any CPU
		{14E147C8-CF65-498D-8F36-6492E3D6C079}.Ad-Hoc|Any CPU.Build.0 = Release|Any CPU
		{14E147C8-CF65-498D-8F36-6492E3D6C079}.Ad-Hoc|ARM.ActiveCfg = Release|Any CPU
		{14E147C8-CF65-498D-8F36-6492E3D6C079}.Ad-Hoc|ARM.Build.0 = Release|Any CPU
		{14E147C8-CF65-498D-8F36-6492E3D6C079}.Ad-Hoc|iPhone.ActiveCfg = Release|Any CPU
		{14E147C8-CF65-498D-8F36-6492E3D6C079}.Ad-Hoc|iPhone.Build.0 = Release|Any CPU
		{14E147C8-CF65-498D-8F36-6492E3D6C079}.Ad-Hoc|iPhoneSimulator.ActiveCfg = Release|Any CPU
		{14E147C8-CF65-498D-8F36-6492E3D6C079}.Ad-Hoc|iPhoneSimulator.Build.0 = Release|Any CPU
		{14E147C8-CF65-498D-8F36-6492E3D6C079}.Ad-Hoc|x64.ActiveCfg = Release|Any CPU
		{14E147C8-CF65-498D-8F36-6492E3D6C079}.Ad-Hoc|x64.Build.0 = Release|Any CPU
		{14E147C8-CF65-498D-8F36-6492E3D6C079}.Ad-Hoc|x86.ActiveCfg = Release|Any CPU
		{14E147C8-CF65-498D-8F36-6492E3D6C079}.Ad-Hoc|x86.Build.0 = Release|Any CPU
		{14E147C8-CF65-498D-8F36-6492E3D6C079}.AppStore|Any CPU.ActiveCfg = Release|Any CPU
		{14E147C8-CF65-498D-8F36-6492E3D6C079}.AppStore|Any CPU.Build.0 = Release|Any CPU
		{14E147C8-CF65-498D-8F36-6492E3D6C079}.AppStore|ARM.ActiveCfg = Release|Any CPU
		{14E147C8-CF65-498D-8F36-6492E3D6C079}.AppStore|ARM.Build.0 = Release|Any CPU
		{14E147C8-CF65-498D-8F36-6492E3D6C079}.AppStore|iPhone.ActiveCfg = Release|Any CPU
		{14E147C8-CF65-498D-8F36-6492E3D6C079}.AppStore|iPhone.Build.0 = Release|Any CPU
		{14E147C8-CF65-498D-8F36-6492E3D6C079}.AppStore|iPhoneSimulator.ActiveCfg = Release|Any CPU
		{14E147C8-CF65-498D-8F36-6492E3D6C079}.AppStore|iPhoneSimulator.Build.0 = Release|Any CPU
		{14E147C8-CF65-498D-8F36-6492E3D6C079}.AppStore|x64.ActiveCfg = Release|Any CPU
		{14E147C8-CF65-498D-8F36-6492E3D6C079}.AppStore|x64.Build.0 = Release|Any CPU
		{14E147C8-CF65-498D-8F36-6492E3D6C079}.AppStore|x86.ActiveCfg = Release|Any CPU
		{14E147C8-CF65-498D-8F36-6492E3D6C079}.AppStore|x86.Build.0 = Release|Any CPU
		{14E147C8-CF65-498D-8F36-6492E3D6C079}.Debug|Any CPU.ActiveCfg = Debug|Any CPU
		{14E147C8-CF65-498D-8F36-6492E3D6C079}.Debug|Any CPU.Build.0 = Debug|Any CPU
		{14E147C8-CF65-498D-8F36-6492E3D6C079}.Debug|ARM.ActiveCfg = Debug|Any CPU
		{14E147C8-CF65-498D-8F36-6492E3D6C079}.Debug|ARM.Build.0 = Debug|Any CPU
		{14E147C8-CF65-498D-8F36-6492E3D6C079}.Debug|iPhone.ActiveCfg = Debug|Any CPU
		{14E147C8-CF65-498D-8F36-6492E3D6C079}.Debug|iPhone.Build.0 = Debug|Any CPU
		{14E147C8-CF65-498D-8F36-6492E3D6C079}.Debug|iPhoneSimulator.ActiveCfg = Debug|Any CPU
		{14E147C8-CF65-498D-8F36-6492E3D6C079}.Debug|iPhoneSimulator.Build.0 = Debug|Any CPU
		{14E147C8-CF65-498D-8F36-6492E3D6C079}.Debug|x64.ActiveCfg = Debug|Any CPU
		{14E147C8-CF65-498D-8F36-6492E3D6C079}.Debug|x64.Build.0 = Debug|Any CPU
		{14E147C8-CF65-498D-8F36-6492E3D6C079}.Debug|x86.ActiveCfg = Debug|Any CPU
		{14E147C8-CF65-498D-8F36-6492E3D6C079}.Debug|x86.Build.0 = Debug|Any CPU
		{14E147C8-CF65-498D-8F36-6492E3D6C079}.Release|Any CPU.ActiveCfg = Release|Any CPU
		{14E147C8-CF65-498D-8F36-6492E3D6C079}.Release|Any CPU.Build.0 = Release|Any CPU
		{14E147C8-CF65-498D-8F36-6492E3D6C079}.Release|ARM.ActiveCfg = Release|Any CPU
		{14E147C8-CF65-498D-8F36-6492E3D6C079}.Release|ARM.Build.0 = Release|Any CPU
		{14E147C8-CF65-498D-8F36-6492E3D6C079}.Release|iPhone.ActiveCfg = Release|Any CPU
		{14E147C8-CF65-498D-8F36-6492E3D6C079}.Release|iPhone.Build.0 = Release|Any CPU
		{14E147C8-CF65-498D-8F36-6492E3D6C079}.Release|iPhoneSimulator.ActiveCfg = Release|Any CPU
		{14E147C8-CF65-498D-8F36-6492E3D6C079}.Release|iPhoneSimulator.Build.0 = Release|Any CPU
		{14E147C8-CF65-498D-8F36-6492E3D6C079}.Release|x64.ActiveCfg = Release|Any CPU
		{14E147C8-CF65-498D-8F36-6492E3D6C079}.Release|x64.Build.0 = Release|Any CPU
		{14E147C8-CF65-498D-8F36-6492E3D6C079}.Release|x86.ActiveCfg = Release|Any CPU
		{14E147C8-CF65-498D-8F36-6492E3D6C079}.Release|x86.Build.0 = Release|Any CPU
		{20702A30-8ECE-4A1A-9844-C11B0054E705}.Ad-Hoc|Any CPU.ActiveCfg = Ad-Hoc|iPhone
		{20702A30-8ECE-4A1A-9844-C11B0054E705}.Ad-Hoc|ARM.ActiveCfg = Ad-Hoc|iPhone
		{20702A30-8ECE-4A1A-9844-C11B0054E705}.Ad-Hoc|iPhone.ActiveCfg = Ad-Hoc|iPhone
		{20702A30-8ECE-4A1A-9844-C11B0054E705}.Ad-Hoc|iPhone.Build.0 = Ad-Hoc|iPhone
		{20702A30-8ECE-4A1A-9844-C11B0054E705}.Ad-Hoc|iPhoneSimulator.ActiveCfg = Ad-Hoc|iPhoneSimulator
		{20702A30-8ECE-4A1A-9844-C11B0054E705}.Ad-Hoc|iPhoneSimulator.Build.0 = Ad-Hoc|iPhoneSimulator
		{20702A30-8ECE-4A1A-9844-C11B0054E705}.Ad-Hoc|x64.ActiveCfg = Ad-Hoc|iPhone
		{20702A30-8ECE-4A1A-9844-C11B0054E705}.Ad-Hoc|x86.ActiveCfg = Ad-Hoc|iPhone
		{20702A30-8ECE-4A1A-9844-C11B0054E705}.AppStore|Any CPU.ActiveCfg = AppStore|iPhone
		{20702A30-8ECE-4A1A-9844-C11B0054E705}.AppStore|ARM.ActiveCfg = AppStore|iPhone
		{20702A30-8ECE-4A1A-9844-C11B0054E705}.AppStore|iPhone.ActiveCfg = AppStore|iPhone
		{20702A30-8ECE-4A1A-9844-C11B0054E705}.AppStore|iPhone.Build.0 = AppStore|iPhone
		{20702A30-8ECE-4A1A-9844-C11B0054E705}.AppStore|iPhoneSimulator.ActiveCfg = AppStore|iPhoneSimulator
		{20702A30-8ECE-4A1A-9844-C11B0054E705}.AppStore|iPhoneSimulator.Build.0 = AppStore|iPhoneSimulator
		{20702A30-8ECE-4A1A-9844-C11B0054E705}.AppStore|x64.ActiveCfg = AppStore|iPhone
		{20702A30-8ECE-4A1A-9844-C11B0054E705}.AppStore|x86.ActiveCfg = AppStore|iPhone
		{20702A30-8ECE-4A1A-9844-C11B0054E705}.Debug|Any CPU.ActiveCfg = Debug|iPhone
		{20702A30-8ECE-4A1A-9844-C11B0054E705}.Debug|ARM.ActiveCfg = Debug|iPhone
		{20702A30-8ECE-4A1A-9844-C11B0054E705}.Debug|iPhone.ActiveCfg = Debug|iPhone
		{20702A30-8ECE-4A1A-9844-C11B0054E705}.Debug|iPhone.Build.0 = Debug|iPhone
		{20702A30-8ECE-4A1A-9844-C11B0054E705}.Debug|iPhoneSimulator.ActiveCfg = Debug|iPhoneSimulator
		{20702A30-8ECE-4A1A-9844-C11B0054E705}.Debug|iPhoneSimulator.Build.0 = Debug|iPhoneSimulator
		{20702A30-8ECE-4A1A-9844-C11B0054E705}.Debug|x64.ActiveCfg = Debug|iPhone
		{20702A30-8ECE-4A1A-9844-C11B0054E705}.Debug|x86.ActiveCfg = Debug|iPhone
		{20702A30-8ECE-4A1A-9844-C11B0054E705}.Release|Any CPU.ActiveCfg = Release|iPhone
		{20702A30-8ECE-4A1A-9844-C11B0054E705}.Release|ARM.ActiveCfg = Release|iPhone
		{20702A30-8ECE-4A1A-9844-C11B0054E705}.Release|iPhone.ActiveCfg = Release|iPhone
		{20702A30-8ECE-4A1A-9844-C11B0054E705}.Release|iPhone.Build.0 = Release|iPhone
		{20702A30-8ECE-4A1A-9844-C11B0054E705}.Release|iPhoneSimulator.ActiveCfg = Release|iPhoneSimulator
		{20702A30-8ECE-4A1A-9844-C11B0054E705}.Release|iPhoneSimulator.Build.0 = Release|iPhoneSimulator
		{20702A30-8ECE-4A1A-9844-C11B0054E705}.Release|x64.ActiveCfg = Release|iPhone
		{20702A30-8ECE-4A1A-9844-C11B0054E705}.Release|x86.ActiveCfg = Release|iPhone
	EndGlobalSection
	GlobalSection(SolutionProperties) = preSolution
		HideSolutionNode = FALSE
	EndGlobalSection
EndGlobal
