
Microsoft Visual Studio Solution File, Format Version 12.00
# Visual Studio 15
VisualStudioVersion = 15.0.26430.12
MinimumVisualStudioVersion = 10.0.40219.1
Project("{FAE04EC0-301F-11D3-BF4B-00C04F79EFBC}") = "LineEntry.FormsPlugin", "LineEntry.FormsPlugin\LineEntry.FormsPlugin.csproj", "{67F9D3A8-F71E-4428-913F-C37AE82CDB24}"
EndProject
Project("{FAE04EC0-301F-11D3-BF4B-00C04F79EFBC}") = "LineEntry.FormsPlugin.Droid", "LineEntry.FormsPlugin.Droid\LineEntry.FormsPlugin.Droid.csproj", "{98C6470D-D3C9-4CDD-9FD4-1BEED7B1E778}"
EndProject
Project("{FAE04EC0-301F-11D3-BF4B-00C04F79EFBC}") = "LineEntry.FormsPlugin.iOS", "LineEntry.FormsPlugin.iOS\LineEntry.FormsPlugin.iOS.csproj", "{9E8E8296-55B2-45E4-8553-623A36F13FA9}"
EndProject
Project("{FAE04EC0-301F-11D3-BF4B-00C04F79EFBC}") = "DemoApp.Android", "DemoApp\DemoApp.Android\DemoApp.Android.csproj", "{24DFC98C-F320-4929-A63E-5EB3DA0A55EA}"
EndProject
Project("{FAE04EC0-301F-11D3-BF4B-00C04F79EFBC}") = "DemoApp", "DemoApp\DemoApp\DemoApp.csproj", "{54D04813-290F-4C65-B29B-E4CDFB9418AC}"
EndProject
Project("{FAE04EC0-301F-11D3-BF4B-00C04F79EFBC}") = "DemoApp.iOS", "DemoApp\DemoApp.iOS\DemoApp.iOS.csproj", "{0A6C236F-3E8B-4C9B-839F-6FE139CEAEDB}"
EndProject
Global
	GlobalSection(SolutionConfigurationPlatforms) = preSolution
		Ad-Hoc|Any CPU = Ad-Hoc|Any CPU
		Ad-Hoc|ARM = Ad-Hoc|ARM
		Ad-Hoc|iPhone = Ad-Hoc|iPhone
		Ad-Hoc|iPhoneSimulator = Ad-Hoc|iPhoneSimulator
		Ad-Hoc|x64 = Ad-Hoc|x64
		Ad-Hoc|x86 = Ad-Hoc|x86
		AppStore|Any CPU = AppStore|Any CPU
		AppStore|ARM = AppStore|ARM
		AppStore|iPhone = AppStore|iPhone
		AppStore|iPhoneSimulator = AppStore|iPhoneSimulator
		AppStore|x64 = AppStore|x64
		AppStore|x86 = AppStore|x86
		Debug|Any CPU = Debug|Any CPU
		Debug|ARM = Debug|ARM
		Debug|iPhone = Debug|iPhone
		Debug|iPhoneSimulator = Debug|iPhoneSimulator
		Debug|x64 = Debug|x64
		Debug|x86 = Debug|x86
		Release|Any CPU = Release|Any CPU
		Release|ARM = Release|ARM
		Release|iPhone = Release|iPhone
		Release|iPhoneSimulator = Release|iPhoneSimulator
		Release|x64 = Release|x64
		Release|x86 = Release|x86
	EndGlobalSection
	GlobalSection(ProjectConfigurationPlatforms) = postSolution
		{67F9D3A8-F71E-4428-913F-C37AE82CDB24}.Ad-Hoc|Any CPU.ActiveCfg = Release|Any CPU
		{67F9D3A8-F71E-4428-913F-C37AE82CDB24}.Ad-Hoc|Any CPU.Build.0 = Release|Any CPU
		{67F9D3A8-F71E-4428-913F-C37AE82CDB24}.Ad-Hoc|ARM.ActiveCfg = Release|Any CPU
		{67F9D3A8-F71E-4428-913F-C37AE82CDB24}.Ad-Hoc|ARM.Build.0 = Release|Any CPU
		{67F9D3A8-F71E-4428-913F-C37AE82CDB24}.Ad-Hoc|iPhone.ActiveCfg = Release|Any CPU
		{67F9D3A8-F71E-4428-913F-C37AE82CDB24}.Ad-Hoc|iPhone.Build.0 = Release|Any CPU
		{67F9D3A8-F71E-4428-913F-C37AE82CDB24}.Ad-Hoc|iPhoneSimulator.ActiveCfg = Release|Any CPU
		{67F9D3A8-F71E-4428-913F-C37AE82CDB24}.Ad-Hoc|iPhoneSimulator.Build.0 = Release|Any CPU
		{67F9D3A8-F71E-4428-913F-C37AE82CDB24}.Ad-Hoc|x64.ActiveCfg = Release|Any CPU
		{67F9D3A8-F71E-4428-913F-C37AE82CDB24}.Ad-Hoc|x64.Build.0 = Release|Any CPU
		{67F9D3A8-F71E-4428-913F-C37AE82CDB24}.Ad-Hoc|x86.ActiveCfg = Release|Any CPU
		{67F9D3A8-F71E-4428-913F-C37AE82CDB24}.Ad-Hoc|x86.Build.0 = Release|Any CPU
		{67F9D3A8-F71E-4428-913F-C37AE82CDB24}.AppStore|Any CPU.ActiveCfg = Release|Any CPU
		{67F9D3A8-F71E-4428-913F-C37AE82CDB24}.AppStore|Any CPU.Build.0 = Release|Any CPU
		{67F9D3A8-F71E-4428-913F-C37AE82CDB24}.AppStore|ARM.ActiveCfg = Release|Any CPU
		{67F9D3A8-F71E-4428-913F-C37AE82CDB24}.AppStore|ARM.Build.0 = Release|Any CPU
		{67F9D3A8-F71E-4428-913F-C37AE82CDB24}.AppStore|iPhone.ActiveCfg = Release|Any CPU
		{67F9D3A8-F71E-4428-913F-C37AE82CDB24}.AppStore|iPhone.Build.0 = Release|Any CPU
		{67F9D3A8-F71E-4428-913F-C37AE82CDB24}.AppStore|iPhoneSimulator.ActiveCfg = Release|Any CPU
		{67F9D3A8-F71E-4428-913F-C37AE82CDB24}.AppStore|iPhoneSimulator.Build.0 = Release|Any CPU
		{67F9D3A8-F71E-4428-913F-C37AE82CDB24}.AppStore|x64.ActiveCfg = Release|Any CPU
		{67F9D3A8-F71E-4428-913F-C37AE82CDB24}.AppStore|x64.Build.0 = Release|Any CPU
		{67F9D3A8-F71E-4428-913F-C37AE82CDB24}.AppStore|x86.ActiveCfg = Release|Any CPU
		{67F9D3A8-F71E-4428-913F-C37AE82CDB24}.AppStore|x86.Build.0 = Release|Any CPU
		{67F9D3A8-F71E-4428-913F-C37AE82CDB24}.Debug|Any CPU.ActiveCfg = Debug|Any CPU
		{67F9D3A8-F71E-4428-913F-C37AE82CDB24}.Debug|Any CPU.Build.0 = Debug|Any CPU
		{67F9D3A8-F71E-4428-913F-C37AE82CDB24}.Debug|ARM.ActiveCfg = Debug|Any CPU
		{67F9D3A8-F71E-4428-913F-C37AE82CDB24}.Debug|ARM.Build.0 = Debug|Any CPU
		{67F9D3A8-F71E-4428-913F-C37AE82CDB24}.Debug|iPhone.ActiveCfg = Debug|Any CPU
		{67F9D3A8-F71E-4428-913F-C37AE82CDB24}.Debug|iPhone.Build.0 = Debug|Any CPU
		{67F9D3A8-F71E-4428-913F-C37AE82CDB24}.Debug|iPhoneSimulator.ActiveCfg = Debug|Any CPU
		{67F9D3A8-F71E-4428-913F-C37AE82CDB24}.Debug|iPhoneSimulator.Build.0 = Debug|Any CPU
		{67F9D3A8-F71E-4428-913F-C37AE82CDB24}.Debug|x64.ActiveCfg = Debug|Any CPU
		{67F9D3A8-F71E-4428-913F-C37AE82CDB24}.Debug|x64.Build.0 = Debug|Any CPU
		{67F9D3A8-F71E-4428-913F-C37AE82CDB24}.Debug|x86.ActiveCfg = Debug|Any CPU
		{67F9D3A8-F71E-4428-913F-C37AE82CDB24}.Debug|x86.Build.0 = Debug|Any CPU
		{67F9D3A8-F71E-4428-913F-C37AE82CDB24}.Release|Any CPU.ActiveCfg = Release|Any CPU
		{67F9D3A8-F71E-4428-913F-C37AE82CDB24}.Release|Any CPU.Build.0 = Release|Any CPU
		{67F9D3A8-F71E-4428-913F-C37AE82CDB24}.Release|ARM.ActiveCfg = Release|Any CPU
		{67F9D3A8-F71E-4428-913F-C37AE82CDB24}.Release|ARM.Build.0 = Release|Any CPU
		{67F9D3A8-F71E-4428-913F-C37AE82CDB24}.Release|iPhone.ActiveCfg = Release|Any CPU
		{67F9D3A8-F71E-4428-913F-C37AE82CDB24}.Release|iPhone.Build.0 = Release|Any CPU
		{67F9D3A8-F71E-4428-913F-C37AE82CDB24}.Release|iPhoneSimulator.ActiveCfg = Release|Any CPU
		{67F9D3A8-F71E-4428-913F-C37AE82CDB24}.Release|iPhoneSimulator.Build.0 = Release|Any CPU
		{67F9D3A8-F71E-4428-913F-C37AE82CDB24}.Release|x64.ActiveCfg = Release|Any CPU
		{67F9D3A8-F71E-4428-913F-C37AE82CDB24}.Release|x64.Build.0 = Release|Any CPU
		{67F9D3A8-F71E-4428-913F-C37AE82CDB24}.Release|x86.ActiveCfg = Release|Any CPU
		{67F9D3A8-F71E-4428-913F-C37AE82CDB24}.Release|x86.Build.0 = Release|Any CPU
		{98C6470D-D3C9-4CDD-9FD4-1BEED7B1E778}.Ad-Hoc|Any CPU.ActiveCfg = Release|Any CPU
		{98C6470D-D3C9-4CDD-9FD4-1BEED7B1E778}.Ad-Hoc|Any CPU.Build.0 = Release|Any CPU
		{98C6470D-D3C9-4CDD-9FD4-1BEED7B1E778}.Ad-Hoc|ARM.ActiveCfg = Release|Any CPU
		{98C6470D-D3C9-4CDD-9FD4-1BEED7B1E778}.Ad-Hoc|ARM.Build.0 = Release|Any CPU
		{98C6470D-D3C9-4CDD-9FD4-1BEED7B1E778}.Ad-Hoc|iPhone.ActiveCfg = Release|Any CPU
		{98C6470D-D3C9-4CDD-9FD4-1BEED7B1E778}.Ad-Hoc|iPhone.Build.0 = Release|Any CPU
		{98C6470D-D3C9-4CDD-9FD4-1BEED7B1E778}.Ad-Hoc|iPhoneSimulator.ActiveCfg = Release|Any CPU
		{98C6470D-D3C9-4CDD-9FD4-1BEED7B1E778}.Ad-Hoc|iPhoneSimulator.Build.0 = Release|Any CPU
		{98C6470D-D3C9-4CDD-9FD4-1BEED7B1E778}.Ad-Hoc|x64.ActiveCfg = Release|Any CPU
		{98C6470D-D3C9-4CDD-9FD4-1BEED7B1E778}.Ad-Hoc|x64.Build.0 = Release|Any CPU
		{98C6470D-D3C9-4CDD-9FD4-1BEED7B1E778}.Ad-Hoc|x86.ActiveCfg = Release|Any CPU
		{98C6470D-D3C9-4CDD-9FD4-1BEED7B1E778}.Ad-Hoc|x86.Build.0 = Release|Any CPU
		{98C6470D-D3C9-4CDD-9FD4-1BEED7B1E778}.AppStore|Any CPU.ActiveCfg = Release|Any CPU
		{98C6470D-D3C9-4CDD-9FD4-1BEED7B1E778}.AppStore|Any CPU.Build.0 = Release|Any CPU
		{98C6470D-D3C9-4CDD-9FD4-1BEED7B1E778}.AppStore|ARM.ActiveCfg = Release|Any CPU
		{98C6470D-D3C9-4CDD-9FD4-1BEED7B1E778}.AppStore|ARM.Build.0 = Release|Any CPU
		{98C6470D-D3C9-4CDD-9FD4-1BEED7B1E778}.AppStore|iPhone.ActiveCfg = Release|Any CPU
		{98C6470D-D3C9-4CDD-9FD4-1BEED7B1E778}.AppStore|iPhone.Build.0 = Release|Any CPU
		{98C6470D-D3C9-4CDD-9FD4-1BEED7B1E778}.AppStore|iPhoneSimulator.ActiveCfg = Release|Any CPU
		{98C6470D-D3C9-4CDD-9FD4-1BEED7B1E778}.AppStore|iPhoneSimulator.Build.0 = Release|Any CPU
		{98C6470D-D3C9-4CDD-9FD4-1BEED7B1E778}.AppStore|x64.ActiveCfg = Release|Any CPU
		{98C6470D-D3C9-4CDD-9FD4-1BEED7B1E778}.AppStore|x64.Build.0 = Release|Any CPU
		{98C6470D-D3C9-4CDD-9FD4-1BEED7B1E778}.AppStore|x86.ActiveCfg = Release|Any CPU
		{98C6470D-D3C9-4CDD-9FD4-1BEED7B1E778}.AppStore|x86.Build.0 = Release|Any CPU
		{98C6470D-D3C9-4CDD-9FD4-1BEED7B1E778}.Debug|Any CPU.ActiveCfg = Debug|Any CPU
		{98C6470D-D3C9-4CDD-9FD4-1BEED7B1E778}.Debug|Any CPU.Build.0 = Debug|Any CPU
		{98C6470D-D3C9-4CDD-9FD4-1BEED7B1E778}.Debug|ARM.ActiveCfg = Debug|Any CPU
		{98C6470D-D3C9-4CDD-9FD4-1BEED7B1E778}.Debug|ARM.Build.0 = Debug|Any CPU
		{98C6470D-D3C9-4CDD-9FD4-1BEED7B1E778}.Debug|iPhone.ActiveCfg = Debug|Any CPU
		{98C6470D-D3C9-4CDD-9FD4-1BEED7B1E778}.Debug|iPhone.Build.0 = Debug|Any CPU
		{98C6470D-D3C9-4CDD-9FD4-1BEED7B1E778}.Debug|iPhoneSimulator.ActiveCfg = Debug|Any CPU
		{98C6470D-D3C9-4CDD-9FD4-1BEED7B1E778}.Debug|iPhoneSimulator.Build.0 = Debug|Any CPU
		{98C6470D-D3C9-4CDD-9FD4-1BEED7B1E778}.Debug|x64.ActiveCfg = Debug|Any CPU
		{98C6470D-D3C9-4CDD-9FD4-1BEED7B1E778}.Debug|x64.Build.0 = Debug|Any CPU
		{98C6470D-D3C9-4CDD-9FD4-1BEED7B1E778}.Debug|x86.ActiveCfg = Debug|Any CPU
		{98C6470D-D3C9-4CDD-9FD4-1BEED7B1E778}.Debug|x86.Build.0 = Debug|Any CPU
		{98C6470D-D3C9-4CDD-9FD4-1BEED7B1E778}.Release|Any CPU.ActiveCfg = Release|Any CPU
		{98C6470D-D3C9-4CDD-9FD4-1BEED7B1E778}.Release|Any CPU.Build.0 = Release|Any CPU
		{98C6470D-D3C9-4CDD-9FD4-1BEED7B1E778}.Release|ARM.ActiveCfg = Release|Any CPU
		{98C6470D-D3C9-4CDD-9FD4-1BEED7B1E778}.Release|ARM.Build.0 = Release|Any CPU
		{98C6470D-D3C9-4CDD-9FD4-1BEED7B1E778}.Release|iPhone.ActiveCfg = Release|Any CPU
		{98C6470D-D3C9-4CDD-9FD4-1BEED7B1E778}.Release|iPhone.Build.0 = Release|Any CPU
		{98C6470D-D3C9-4CDD-9FD4-1BEED7B1E778}.Release|iPhoneSimulator.ActiveCfg = Release|Any CPU
		{98C6470D-D3C9-4CDD-9FD4-1BEED7B1E778}.Release|iPhoneSimulator.Build.0 = Release|Any CPU
		{98C6470D-D3C9-4CDD-9FD4-1BEED7B1E778}.Release|x64.ActiveCfg = Release|Any CPU
		{98C6470D-D3C9-4CDD-9FD4-1BEED7B1E778}.Release|x64.Build.0 = Release|Any CPU
		{98C6470D-D3C9-4CDD-9FD4-1BEED7B1E778}.Release|x86.ActiveCfg = Release|Any CPU
		{98C6470D-D3C9-4CDD-9FD4-1BEED7B1E778}.Release|x86.Build.0 = Release|Any CPU
		{9E8E8296-55B2-45E4-8553-623A36F13FA9}.Ad-Hoc|Any CPU.ActiveCfg = Release|Any CPU
		{9E8E8296-55B2-45E4-8553-623A36F13FA9}.Ad-Hoc|Any CPU.Build.0 = Release|Any CPU
		{9E8E8296-55B2-45E4-8553-623A36F13FA9}.Ad-Hoc|ARM.ActiveCfg = Release|Any CPU
		{9E8E8296-55B2-45E4-8553-623A36F13FA9}.Ad-Hoc|ARM.Build.0 = Release|Any CPU
		{9E8E8296-55B2-45E4-8553-623A36F13FA9}.Ad-Hoc|iPhone.ActiveCfg = Release|Any CPU
		{9E8E8296-55B2-45E4-8553-623A36F13FA9}.Ad-Hoc|iPhone.Build.0 = Release|Any CPU
		{9E8E8296-55B2-45E4-8553-623A36F13FA9}.Ad-Hoc|iPhoneSimulator.ActiveCfg = Release|Any CPU
		{9E8E8296-55B2-45E4-8553-623A36F13FA9}.Ad-Hoc|iPhoneSimulator.Build.0 = Release|Any CPU
		{9E8E8296-55B2-45E4-8553-623A36F13FA9}.Ad-Hoc|x64.ActiveCfg = Release|Any CPU
		{9E8E8296-55B2-45E4-8553-623A36F13FA9}.Ad-Hoc|x64.Build.0 = Release|Any CPU
		{9E8E8296-55B2-45E4-8553-623A36F13FA9}.Ad-Hoc|x86.ActiveCfg = Release|Any CPU
		{9E8E8296-55B2-45E4-8553-623A36F13FA9}.Ad-Hoc|x86.Build.0 = Release|Any CPU
		{9E8E8296-55B2-45E4-8553-623A36F13FA9}.AppStore|Any CPU.ActiveCfg = Release|Any CPU
		{9E8E8296-55B2-45E4-8553-623A36F13FA9}.AppStore|Any CPU.Build.0 = Release|Any CPU
		{9E8E8296-55B2-45E4-8553-623A36F13FA9}.AppStore|ARM.ActiveCfg = Release|Any CPU
		{9E8E8296-55B2-45E4-8553-623A36F13FA9}.AppStore|ARM.Build.0 = Release|Any CPU
		{9E8E8296-55B2-45E4-8553-623A36F13FA9}.AppStore|iPhone.ActiveCfg = Release|Any CPU
		{9E8E8296-55B2-45E4-8553-623A36F13FA9}.AppStore|iPhone.Build.0 = Release|Any CPU
		{9E8E8296-55B2-45E4-8553-623A36F13FA9}.AppStore|iPhoneSimulator.ActiveCfg = Release|Any CPU
		{9E8E8296-55B2-45E4-8553-623A36F13FA9}.AppStore|iPhoneSimulator.Build.0 = Release|Any CPU
		{9E8E8296-55B2-45E4-8553-623A36F13FA9}.AppStore|x64.ActiveCfg = Release|Any CPU
		{9E8E8296-55B2-45E4-8553-623A36F13FA9}.AppStore|x64.Build.0 = Release|Any CPU
		{9E8E8296-55B2-45E4-8553-623A36F13FA9}.AppStore|x86.ActiveCfg = Release|Any CPU
		{9E8E8296-55B2-45E4-8553-623A36F13FA9}.AppStore|x86.Build.0 = Release|Any CPU
		{9E8E8296-55B2-45E4-8553-623A36F13FA9}.Debug|Any CPU.ActiveCfg = Debug|Any CPU
		{9E8E8296-55B2-45E4-8553-623A36F13FA9}.Debug|Any CPU.Build.0 = Debug|Any CPU
		{9E8E8296-55B2-45E4-8553-623A36F13FA9}.Debug|ARM.ActiveCfg = Debug|Any CPU
		{9E8E8296-55B2-45E4-8553-623A36F13FA9}.Debug|ARM.Build.0 = Debug|Any CPU
		{9E8E8296-55B2-45E4-8553-623A36F13FA9}.Debug|iPhone.ActiveCfg = Debug|Any CPU
		{9E8E8296-55B2-45E4-8553-623A36F13FA9}.Debug|iPhone.Build.0 = Debug|Any CPU
		{9E8E8296-55B2-45E4-8553-623A36F13FA9}.Debug|iPhoneSimulator.ActiveCfg = Debug|Any CPU
		{9E8E8296-55B2-45E4-8553-623A36F13FA9}.Debug|iPhoneSimulator.Build.0 = Debug|Any CPU
		{9E8E8296-55B2-45E4-8553-623A36F13FA9}.Debug|x64.ActiveCfg = Debug|Any CPU
		{9E8E8296-55B2-45E4-8553-623A36F13FA9}.Debug|x64.Build.0 = Debug|Any CPU
		{9E8E8296-55B2-45E4-8553-623A36F13FA9}.Debug|x86.ActiveCfg = Debug|Any CPU
		{9E8E8296-55B2-45E4-8553-623A36F13FA9}.Debug|x86.Build.0 = Debug|Any CPU
		{9E8E8296-55B2-45E4-8553-623A36F13FA9}.Release|Any CPU.ActiveCfg = Release|Any CPU
		{9E8E8296-55B2-45E4-8553-623A36F13FA9}.Release|Any CPU.Build.0 = Release|Any CPU
		{9E8E8296-55B2-45E4-8553-623A36F13FA9}.Release|ARM.ActiveCfg = Release|Any CPU
		{9E8E8296-55B2-45E4-8553-623A36F13FA9}.Release|ARM.Build.0 = Release|Any CPU
		{9E8E8296-55B2-45E4-8553-623A36F13FA9}.Release|iPhone.ActiveCfg = Release|Any CPU
		{9E8E8296-55B2-45E4-8553-623A36F13FA9}.Release|iPhone.Build.0 = Release|Any CPU
		{9E8E8296-55B2-45E4-8553-623A36F13FA9}.Release|iPhoneSimulator.ActiveCfg = Release|Any CPU
		{9E8E8296-55B2-45E4-8553-623A36F13FA9}.Release|iPhoneSimulator.Build.0 = Release|Any CPU
		{9E8E8296-55B2-45E4-8553-623A36F13FA9}.Release|x64.ActiveCfg = Release|Any CPU
		{9E8E8296-55B2-45E4-8553-623A36F13FA9}.Release|x64.Build.0 = Release|Any CPU
		{9E8E8296-55B2-45E4-8553-623A36F13FA9}.Release|x86.ActiveCfg = Release|Any CPU
		{9E8E8296-55B2-45E4-8553-623A36F13FA9}.Release|x86.Build.0 = Release|Any CPU
		{24DFC98C-F320-4929-A63E-5EB3DA0A55EA}.Ad-Hoc|Any CPU.ActiveCfg = Release|Any CPU
		{24DFC98C-F320-4929-A63E-5EB3DA0A55EA}.Ad-Hoc|Any CPU.Build.0 = Release|Any CPU
		{24DFC98C-F320-4929-A63E-5EB3DA0A55EA}.Ad-Hoc|Any CPU.Deploy.0 = Release|Any CPU
		{24DFC98C-F320-4929-A63E-5EB3DA0A55EA}.Ad-Hoc|ARM.ActiveCfg = Release|Any CPU
		{24DFC98C-F320-4929-A63E-5EB3DA0A55EA}.Ad-Hoc|ARM.Build.0 = Release|Any CPU
		{24DFC98C-F320-4929-A63E-5EB3DA0A55EA}.Ad-Hoc|ARM.Deploy.0 = Release|Any CPU
		{24DFC98C-F320-4929-A63E-5EB3DA0A55EA}.Ad-Hoc|iPhone.ActiveCfg = Release|Any CPU
		{24DFC98C-F320-4929-A63E-5EB3DA0A55EA}.Ad-Hoc|iPhone.Build.0 = Release|Any CPU
		{24DFC98C-F320-4929-A63E-5EB3DA0A55EA}.Ad-Hoc|iPhone.Deploy.0 = Release|Any CPU
		{24DFC98C-F320-4929-A63E-5EB3DA0A55EA}.Ad-Hoc|iPhoneSimulator.ActiveCfg = Release|Any CPU
		{24DFC98C-F320-4929-A63E-5EB3DA0A55EA}.Ad-Hoc|iPhoneSimulator.Build.0 = Release|Any CPU
		{24DFC98C-F320-4929-A63E-5EB3DA0A55EA}.Ad-Hoc|iPhoneSimulator.Deploy.0 = Release|Any CPU
		{24DFC98C-F320-4929-A63E-5EB3DA0A55EA}.Ad-Hoc|x64.ActiveCfg = Release|Any CPU
		{24DFC98C-F320-4929-A63E-5EB3DA0A55EA}.Ad-Hoc|x64.Build.0 = Release|Any CPU
		{24DFC98C-F320-4929-A63E-5EB3DA0A55EA}.Ad-Hoc|x64.Deploy.0 = Release|Any CPU
		{24DFC98C-F320-4929-A63E-5EB3DA0A55EA}.Ad-Hoc|x86.ActiveCfg = Release|Any CPU
		{24DFC98C-F320-4929-A63E-5EB3DA0A55EA}.Ad-Hoc|x86.Build.0 = Release|Any CPU
		{24DFC98C-F320-4929-A63E-5EB3DA0A55EA}.Ad-Hoc|x86.Deploy.0 = Release|Any CPU
		{24DFC98C-F320-4929-A63E-5EB3DA0A55EA}.AppStore|Any CPU.ActiveCfg = Release|Any CPU
		{24DFC98C-F320-4929-A63E-5EB3DA0A55EA}.AppStore|Any CPU.Build.0 = Release|Any CPU
		{24DFC98C-F320-4929-A63E-5EB3DA0A55EA}.AppStore|Any CPU.Deploy.0 = Release|Any CPU
		{24DFC98C-F320-4929-A63E-5EB3DA0A55EA}.AppStore|ARM.ActiveCfg = Release|Any CPU
		{24DFC98C-F320-4929-A63E-5EB3DA0A55EA}.AppStore|ARM.Build.0 = Release|Any CPU
		{24DFC98C-F320-4929-A63E-5EB3DA0A55EA}.AppStore|ARM.Deploy.0 = Release|Any CPU
		{24DFC98C-F320-4929-A63E-5EB3DA0A55EA}.AppStore|iPhone.ActiveCfg = Release|Any CPU
		{24DFC98C-F320-4929-A63E-5EB3DA0A55EA}.AppStore|iPhone.Build.0 = Release|Any CPU
		{24DFC98C-F320-4929-A63E-5EB3DA0A55EA}.AppStore|iPhone.Deploy.0 = Release|Any CPU
		{24DFC98C-F320-4929-A63E-5EB3DA0A55EA}.AppStore|iPhoneSimulator.ActiveCfg = Release|Any CPU
		{24DFC98C-F320-4929-A63E-5EB3DA0A55EA}.AppStore|iPhoneSimulator.Build.0 = Release|Any CPU
		{24DFC98C-F320-4929-A63E-5EB3DA0A55EA}.AppStore|iPhoneSimulator.Deploy.0 = Release|Any CPU
		{24DFC98C-F320-4929-A63E-5EB3DA0A55EA}.AppStore|x64.ActiveCfg = Release|Any CPU
		{24DFC98C-F320-4929-A63E-5EB3DA0A55EA}.AppStore|x64.Build.0 = Release|Any CPU
		{24DFC98C-F320-4929-A63E-5EB3DA0A55EA}.AppStore|x64.Deploy.0 = Release|Any CPU
		{24DFC98C-F320-4929-A63E-5EB3DA0A55EA}.AppStore|x86.ActiveCfg = Release|Any CPU
		{24DFC98C-F320-4929-A63E-5EB3DA0A55EA}.AppStore|x86.Build.0 = Release|Any CPU
		{24DFC98C-F320-4929-A63E-5EB3DA0A55EA}.AppStore|x86.Deploy.0 = Release|Any CPU
		{24DFC98C-F320-4929-A63E-5EB3DA0A55EA}.Debug|Any CPU.ActiveCfg = Debug|Any CPU
		{24DFC98C-F320-4929-A63E-5EB3DA0A55EA}.Debug|Any CPU.Build.0 = Debug|Any CPU
		{24DFC98C-F320-4929-A63E-5EB3DA0A55EA}.Debug|Any CPU.Deploy.0 = Debug|Any CPU
		{24DFC98C-F320-4929-A63E-5EB3DA0A55EA}.Debug|ARM.ActiveCfg = Debug|Any CPU
		{24DFC98C-F320-4929-A63E-5EB3DA0A55EA}.Debug|ARM.Build.0 = Debug|Any CPU
		{24DFC98C-F320-4929-A63E-5EB3DA0A55EA}.Debug|ARM.Deploy.0 = Debug|Any CPU
		{24DFC98C-F320-4929-A63E-5EB3DA0A55EA}.Debug|iPhone.ActiveCfg = Debug|Any CPU
		{24DFC98C-F320-4929-A63E-5EB3DA0A55EA}.Debug|iPhone.Build.0 = Debug|Any CPU
		{24DFC98C-F320-4929-A63E-5EB3DA0A55EA}.Debug|iPhone.Deploy.0 = Debug|Any CPU
		{24DFC98C-F320-4929-A63E-5EB3DA0A55EA}.Debug|iPhoneSimulator.ActiveCfg = Debug|Any CPU
		{24DFC98C-F320-4929-A63E-5EB3DA0A55EA}.Debug|iPhoneSimulator.Build.0 = Debug|Any CPU
		{24DFC98C-F320-4929-A63E-5EB3DA0A55EA}.Debug|iPhoneSimulator.Deploy.0 = Debug|Any CPU
		{24DFC98C-F320-4929-A63E-5EB3DA0A55EA}.Debug|x64.ActiveCfg = Debug|Any CPU
		{24DFC98C-F320-4929-A63E-5EB3DA0A55EA}.Debug|x64.Build.0 = Debug|Any CPU
		{24DFC98C-F320-4929-A63E-5EB3DA0A55EA}.Debug|x64.Deploy.0 = Debug|Any CPU
		{24DFC98C-F320-4929-A63E-5EB3DA0A55EA}.Debug|x86.ActiveCfg = Debug|Any CPU
		{24DFC98C-F320-4929-A63E-5EB3DA0A55EA}.Debug|x86.Build.0 = Debug|Any CPU
		{24DFC98C-F320-4929-A63E-5EB3DA0A55EA}.Debug|x86.Deploy.0 = Debug|Any CPU
		{24DFC98C-F320-4929-A63E-5EB3DA0A55EA}.Release|Any CPU.ActiveCfg = Release|Any CPU
		{24DFC98C-F320-4929-A63E-5EB3DA0A55EA}.Release|Any CPU.Build.0 = Release|Any CPU
		{24DFC98C-F320-4929-A63E-5EB3DA0A55EA}.Release|Any CPU.Deploy.0 = Release|Any CPU
		{24DFC98C-F320-4929-A63E-5EB3DA0A55EA}.Release|ARM.ActiveCfg = Release|Any CPU
		{24DFC98C-F320-4929-A63E-5EB3DA0A55EA}.Release|ARM.Build.0 = Release|Any CPU
		{24DFC98C-F320-4929-A63E-5EB3DA0A55EA}.Release|ARM.Deploy.0 = Release|Any CPU
		{24DFC98C-F320-4929-A63E-5EB3DA0A55EA}.Release|iPhone.ActiveCfg = Release|Any CPU
		{24DFC98C-F320-4929-A63E-5EB3DA0A55EA}.Release|iPhone.Build.0 = Release|Any CPU
		{24DFC98C-F320-4929-A63E-5EB3DA0A55EA}.Release|iPhone.Deploy.0 = Release|Any CPU
		{24DFC98C-F320-4929-A63E-5EB3DA0A55EA}.Release|iPhoneSimulator.ActiveCfg = Release|Any CPU
		{24DFC98C-F320-4929-A63E-5EB3DA0A55EA}.Release|iPhoneSimulator.Build.0 = Release|Any CPU
		{24DFC98C-F320-4929-A63E-5EB3DA0A55EA}.Release|iPhoneSimulator.Deploy.0 = Release|Any CPU
		{24DFC98C-F320-4929-A63E-5EB3DA0A55EA}.Release|x64.ActiveCfg = Release|Any CPU
		{24DFC98C-F320-4929-A63E-5EB3DA0A55EA}.Release|x64.Build.0 = Release|Any CPU
		{24DFC98C-F320-4929-A63E-5EB3DA0A55EA}.Release|x64.Deploy.0 = Release|Any CPU
		{24DFC98C-F320-4929-A63E-5EB3DA0A55EA}.Release|x86.ActiveCfg = Release|Any CPU
		{24DFC98C-F320-4929-A63E-5EB3DA0A55EA}.Release|x86.Build.0 = Release|Any CPU
		{24DFC98C-F320-4929-A63E-5EB3DA0A55EA}.Release|x86.Deploy.0 = Release|Any CPU
		{54D04813-290F-4C65-B29B-E4CDFB9418AC}.Ad-Hoc|Any CPU.ActiveCfg = Release|Any CPU
		{54D04813-290F-4C65-B29B-E4CDFB9418AC}.Ad-Hoc|Any CPU.Build.0 = Release|Any CPU
		{54D04813-290F-4C65-B29B-E4CDFB9418AC}.Ad-Hoc|ARM.ActiveCfg = Release|Any CPU
		{54D04813-290F-4C65-B29B-E4CDFB9418AC}.Ad-Hoc|ARM.Build.0 = Release|Any CPU
		{54D04813-290F-4C65-B29B-E4CDFB9418AC}.Ad-Hoc|iPhone.ActiveCfg = Release|Any CPU
		{54D04813-290F-4C65-B29B-E4CDFB9418AC}.Ad-Hoc|iPhone.Build.0 = Release|Any CPU
		{54D04813-290F-4C65-B29B-E4CDFB9418AC}.Ad-Hoc|iPhoneSimulator.ActiveCfg = Release|Any CPU
		{54D04813-290F-4C65-B29B-E4CDFB9418AC}.Ad-Hoc|iPhoneSimulator.Build.0 = Release|Any CPU
		{54D04813-290F-4C65-B29B-E4CDFB9418AC}.Ad-Hoc|x64.ActiveCfg = Release|Any CPU
		{54D04813-290F-4C65-B29B-E4CDFB9418AC}.Ad-Hoc|x64.Build.0 = Release|Any CPU
		{54D04813-290F-4C65-B29B-E4CDFB9418AC}.Ad-Hoc|x86.ActiveCfg = Release|Any CPU
		{54D04813-290F-4C65-B29B-E4CDFB9418AC}.Ad-Hoc|x86.Build.0 = Release|Any CPU
		{54D04813-290F-4C65-B29B-E4CDFB9418AC}.AppStore|Any CPU.ActiveCfg = Release|Any CPU
		{54D04813-290F-4C65-B29B-E4CDFB9418AC}.AppStore|Any CPU.Build.0 = Release|Any CPU
		{54D04813-290F-4C65-B29B-E4CDFB9418AC}.AppStore|ARM.ActiveCfg = Release|Any CPU
		{54D04813-290F-4C65-B29B-E4CDFB9418AC}.AppStore|ARM.Build.0 = Release|Any CPU
		{54D04813-290F-4C65-B29B-E4CDFB9418AC}.AppStore|iPhone.ActiveCfg = Release|Any CPU
		{54D04813-290F-4C65-B29B-E4CDFB9418AC}.AppStore|iPhone.Build.0 = Release|Any CPU
		{54D04813-290F-4C65-B29B-E4CDFB9418AC}.AppStore|iPhoneSimulator.ActiveCfg = Release|Any CPU
		{54D04813-290F-4C65-B29B-E4CDFB9418AC}.AppStore|iPhoneSimulator.Build.0 = Release|Any CPU
		{54D04813-290F-4C65-B29B-E4CDFB9418AC}.AppStore|x64.ActiveCfg = Release|Any CPU
		{54D04813-290F-4C65-B29B-E4CDFB9418AC}.AppStore|x64.Build.0 = Release|Any CPU
		{54D04813-290F-4C65-B29B-E4CDFB9418AC}.AppStore|x86.ActiveCfg = Release|Any CPU
		{54D04813-290F-4C65-B29B-E4CDFB9418AC}.AppStore|x86.Build.0 = Release|Any CPU
		{54D04813-290F-4C65-B29B-E4CDFB9418AC}.Debug|Any CPU.ActiveCfg = Debug|Any CPU
		{54D04813-290F-4C65-B29B-E4CDFB9418AC}.Debug|Any CPU.Build.0 = Debug|Any CPU
		{54D04813-290F-4C65-B29B-E4CDFB9418AC}.Debug|ARM.ActiveCfg = Debug|Any CPU
		{54D04813-290F-4C65-B29B-E4CDFB9418AC}.Debug|ARM.Build.0 = Debug|Any CPU
		{54D04813-290F-4C65-B29B-E4CDFB9418AC}.Debug|iPhone.ActiveCfg = Debug|Any CPU
		{54D04813-290F-4C65-B29B-E4CDFB9418AC}.Debug|iPhone.Build.0 = Debug|Any CPU
		{54D04813-290F-4C65-B29B-E4CDFB9418AC}.Debug|iPhoneSimulator.ActiveCfg = Debug|Any CPU
		{54D04813-290F-4C65-B29B-E4CDFB9418AC}.Debug|iPhoneSimulator.Build.0 = Debug|Any CPU
		{54D04813-290F-4C65-B29B-E4CDFB9418AC}.Debug|x64.ActiveCfg = Debug|Any CPU
		{54D04813-290F-4C65-B29B-E4CDFB9418AC}.Debug|x64.Build.0 = Debug|Any CPU
		{54D04813-290F-4C65-B29B-E4CDFB9418AC}.Debug|x86.ActiveCfg = Debug|Any CPU
		{54D04813-290F-4C65-B29B-E4CDFB9418AC}.Debug|x86.Build.0 = Debug|Any CPU
		{54D04813-290F-4C65-B29B-E4CDFB9418AC}.Release|Any CPU.ActiveCfg = Release|Any CPU
		{54D04813-290F-4C65-B29B-E4CDFB9418AC}.Release|Any CPU.Build.0 = Release|Any CPU
		{54D04813-290F-4C65-B29B-E4CDFB9418AC}.Release|ARM.ActiveCfg = Release|Any CPU
		{54D04813-290F-4C65-B29B-E4CDFB9418AC}.Release|ARM.Build.0 = Release|Any CPU
		{54D04813-290F-4C65-B29B-E4CDFB9418AC}.Release|iPhone.ActiveCfg = Release|Any CPU
		{54D04813-290F-4C65-B29B-E4CDFB9418AC}.Release|iPhone.Build.0 = Release|Any CPU
		{54D04813-290F-4C65-B29B-E4CDFB9418AC}.Release|iPhoneSimulator.ActiveCfg = Release|Any CPU
		{54D04813-290F-4C65-B29B-E4CDFB9418AC}.Release|iPhoneSimulator.Build.0 = Release|Any CPU
		{54D04813-290F-4C65-B29B-E4CDFB9418AC}.Release|x64.ActiveCfg = Release|Any CPU
		{54D04813-290F-4C65-B29B-E4CDFB9418AC}.Release|x64.Build.0 = Release|Any CPU
		{54D04813-290F-4C65-B29B-E4CDFB9418AC}.Release|x86.ActiveCfg = Release|Any CPU
		{54D04813-290F-4C65-B29B-E4CDFB9418AC}.Release|x86.Build.0 = Release|Any CPU
		{0A6C236F-3E8B-4C9B-839F-6FE139CEAEDB}.Ad-Hoc|Any CPU.ActiveCfg = Ad-Hoc|iPhone
		{0A6C236F-3E8B-4C9B-839F-6FE139CEAEDB}.Ad-Hoc|ARM.ActiveCfg = Ad-Hoc|iPhone
		{0A6C236F-3E8B-4C9B-839F-6FE139CEAEDB}.Ad-Hoc|iPhone.ActiveCfg = Ad-Hoc|iPhone
		{0A6C236F-3E8B-4C9B-839F-6FE139CEAEDB}.Ad-Hoc|iPhone.Build.0 = Ad-Hoc|iPhone
		{0A6C236F-3E8B-4C9B-839F-6FE139CEAEDB}.Ad-Hoc|iPhoneSimulator.ActiveCfg = Ad-Hoc|iPhoneSimulator
		{0A6C236F-3E8B-4C9B-839F-6FE139CEAEDB}.Ad-Hoc|iPhoneSimulator.Build.0 = Ad-Hoc|iPhoneSimulator
		{0A6C236F-3E8B-4C9B-839F-6FE139CEAEDB}.Ad-Hoc|x64.ActiveCfg = Ad-Hoc|iPhone
		{0A6C236F-3E8B-4C9B-839F-6FE139CEAEDB}.Ad-Hoc|x86.ActiveCfg = Ad-Hoc|iPhone
		{0A6C236F-3E8B-4C9B-839F-6FE139CEAEDB}.AppStore|Any CPU.ActiveCfg = AppStore|iPhone
		{0A6C236F-3E8B-4C9B-839F-6FE139CEAEDB}.AppStore|ARM.ActiveCfg = AppStore|iPhone
		{0A6C236F-3E8B-4C9B-839F-6FE139CEAEDB}.AppStore|iPhone.ActiveCfg = AppStore|iPhone
		{0A6C236F-3E8B-4C9B-839F-6FE139CEAEDB}.AppStore|iPhone.Build.0 = AppStore|iPhone
		{0A6C236F-3E8B-4C9B-839F-6FE139CEAEDB}.AppStore|iPhoneSimulator.ActiveCfg = AppStore|iPhoneSimulator
		{0A6C236F-3E8B-4C9B-839F-6FE139CEAEDB}.AppStore|iPhoneSimulator.Build.0 = AppStore|iPhoneSimulator
		{0A6C236F-3E8B-4C9B-839F-6FE139CEAEDB}.AppStore|x64.ActiveCfg = AppStore|iPhone
		{0A6C236F-3E8B-4C9B-839F-6FE139CEAEDB}.AppStore|x86.ActiveCfg = AppStore|iPhone
		{0A6C236F-3E8B-4C9B-839F-6FE139CEAEDB}.Debug|Any CPU.ActiveCfg = Debug|iPhone
		{0A6C236F-3E8B-4C9B-839F-6FE139CEAEDB}.Debug|ARM.ActiveCfg = Debug|iPhone
		{0A6C236F-3E8B-4C9B-839F-6FE139CEAEDB}.Debug|iPhone.ActiveCfg = Debug|iPhone
		{0A6C236F-3E8B-4C9B-839F-6FE139CEAEDB}.Debug|iPhone.Build.0 = Debug|iPhone
		{0A6C236F-3E8B-4C9B-839F-6FE139CEAEDB}.Debug|iPhoneSimulator.ActiveCfg = Debug|iPhoneSimulator
		{0A6C236F-3E8B-4C9B-839F-6FE139CEAEDB}.Debug|iPhoneSimulator.Build.0 = Debug|iPhoneSimulator
		{0A6C236F-3E8B-4C9B-839F-6FE139CEAEDB}.Debug|x64.ActiveCfg = Debug|iPhone
		{0A6C236F-3E8B-4C9B-839F-6FE139CEAEDB}.Debug|x86.ActiveCfg = Debug|iPhone
		{0A6C236F-3E8B-4C9B-839F-6FE139CEAEDB}.Release|Any CPU.ActiveCfg = Release|iPhone
		{0A6C236F-3E8B-4C9B-839F-6FE139CEAEDB}.Release|ARM.ActiveCfg = Release|iPhone
		{0A6C236F-3E8B-4C9B-839F-6FE139CEAEDB}.Release|iPhone.ActiveCfg = Release|iPhone
		{0A6C236F-3E8B-4C9B-839F-6FE139CEAEDB}.Release|iPhone.Build.0 = Release|iPhone
		{0A6C236F-3E8B-4C9B-839F-6FE139CEAEDB}.Release|iPhoneSimulator.ActiveCfg = Release|iPhoneSimulator
		{0A6C236F-3E8B-4C9B-839F-6FE139CEAEDB}.Release|iPhoneSimulator.Build.0 = Release|iPhoneSimulator
		{0A6C236F-3E8B-4C9B-839F-6FE139CEAEDB}.Release|x64.ActiveCfg = Release|iPhone
		{0A6C236F-3E8B-4C9B-839F-6FE139CEAEDB}.Release|x86.ActiveCfg = Release|iPhone
	EndGlobalSection
	GlobalSection(SolutionProperties) = preSolution
		HideSolutionNode = FALSE
	EndGlobalSection
EndGlobal
